
Microsoft Visual Studio Solution File, Format Version 12.00
# Visual Studio 15
VisualStudioVersion = 15.0.26730.12
MinimumVisualStudioVersion = 10.0.40219.1
Project("{FAE04EC0-301F-11D3-BF4B-00C04F79EFBC}") = "eShop.Basket", "eShop.Basket\eShop.Basket.csproj", "{DC5EA628-8C6D-4A1C-981C-8E262F0CE383}"
EndProject
Project("{E53339B2-1760-4266-BCC7-CA923CBCF16C}") = "docker-compose", "docker-compose.dcproj", "{2570D2C7-FF8F-4B4B-872B-CD249CC49281}"
EndProject
Project("{FAE04EC0-301F-11D3-BF4B-00C04F79EFBC}") = "eShop.Basket.UnitTests", "eShop.Basket.UnitTests\eShop.Basket.UnitTests.csproj", "{CA6FC6FF-94E3-484D-9796-C959FCBDA465}"
EndProject
Project("{FAE04EC0-301F-11D3-BF4B-00C04F79EFBC}") = "eShop.Basket.IntegrationTests", "eShop.Basket.IntegrationTests\eShop.Basket.IntegrationTests.csproj", "{9D56A3E8-494A-4543-B84D-801A8950D1AE}"
EndProject
Global
	GlobalSection(SolutionConfigurationPlatforms) = preSolution
		Debug|Any CPU = Debug|Any CPU
		Release|Any CPU = Release|Any CPU
	EndGlobalSection
	GlobalSection(ProjectConfigurationPlatforms) = postSolution
		{DC5EA628-8C6D-4A1C-981C-8E262F0CE383}.Debug|Any CPU.ActiveCfg = Debug|Any CPU
		{DC5EA628-8C6D-4A1C-981C-8E262F0CE383}.Debug|Any CPU.Build.0 = Debug|Any CPU
		{DC5EA628-8C6D-4A1C-981C-8E262F0CE383}.Release|Any CPU.ActiveCfg = Release|Any CPU
		{DC5EA628-8C6D-4A1C-981C-8E262F0CE383}.Release|Any CPU.Build.0 = Release|Any CPU
		{2570D2C7-FF8F-4B4B-872B-CD249CC49281}.Debug|Any CPU.ActiveCfg = Debug|Any CPU
		{2570D2C7-FF8F-4B4B-872B-CD249CC49281}.Debug|Any CPU.Build.0 = Debug|Any CPU
		{2570D2C7-FF8F-4B4B-872B-CD249CC49281}.Release|Any CPU.ActiveCfg = Release|Any CPU
		{2570D2C7-FF8F-4B4B-872B-CD249CC49281}.Release|Any CPU.Build.0 = Release|Any CPU
		{CA6FC6FF-94E3-484D-9796-C959FCBDA465}.Debug|Any CPU.ActiveCfg = Debug|Any CPU
		{CA6FC6FF-94E3-484D-9796-C959FCBDA465}.Debug|Any CPU.Build.0 = Debug|Any CPU
		{CA6FC6FF-94E3-484D-9796-C959FCBDA465}.Release|Any CPU.ActiveCfg = Release|Any CPU
		{CA6FC6FF-94E3-484D-9796-C959FCBDA465}.Release|Any CPU.Build.0 = Release|Any CPU
		{9D56A3E8-494A-4543-B84D-801A8950D1AE}.Debug|Any CPU.ActiveCfg = Debug|Any CPU
		{9D56A3E8-494A-4543-B84D-801A8950D1AE}.Debug|Any CPU.Build.0 = Debug|Any CPU
		{9D56A3E8-494A-4543-B84D-801A8950D1AE}.Release|Any CPU.ActiveCfg = Release|Any CPU
		{9D56A3E8-494A-4543-B84D-801A8950D1AE}.Release|Any CPU.Build.0 = Release|Any CPU
	EndGlobalSection
	GlobalSection(SolutionProperties) = preSolution
		HideSolutionNode = FALSE
	EndGlobalSection
	GlobalSection(ExtensibilityGlobals) = postSolution
		SolutionGuid = {13CA2F95-16DB-405B-8102-E66854CBC95C}
	EndGlobalSection
EndGlobal
